// !$*UTF8*$!
{
	archiveVersion = 1;
	classes = {
	};
	objectVersion = 46;
	objects = {

/* Begin PBXBuildFile section */
		1502A58C223A3DF100F0787A /* libpyutilea.a in Frameworks */ = {isa = PBXBuildFile; fileRef = 1502A58B223A3DF100F0787A /* libpyutilea.a */; };
		150AA58E1EC2D78700433FD2 /* PYTestEntity.m in Sources */ = {isa = PBXBuildFile; fileRef = 150AA58D1EC2D78700433FD2 /* PYTestEntity.m */; };
		1554CF001DFCECC500154ABD /* main.m in Sources */ = {isa = PBXBuildFile; fileRef = 1554CEFF1DFCECC500154ABD /* main.m */; };
		1554CF031DFCECC500154ABD /* AppDelegate.m in Sources */ = {isa = PBXBuildFile; fileRef = 1554CF021DFCECC500154ABD /* AppDelegate.m */; };
		1554CF061DFCECC500154ABD /* ViewController.m in Sources */ = {isa = PBXBuildFile; fileRef = 1554CF051DFCECC500154ABD /* ViewController.m */; };
		1554CF091DFCECC500154ABD /* Main.storyboard in Resources */ = {isa = PBXBuildFile; fileRef = 1554CF071DFCECC500154ABD /* Main.storyboard */; };
		1554CF0B1DFCECC500154ABD /* Assets.xcassets in Resources */ = {isa = PBXBuildFile; fileRef = 1554CF0A1DFCECC500154ABD /* Assets.xcassets */; };
		1554CF0E1DFCECC500154ABD /* LaunchScreen.storyboard in Resources */ = {isa = PBXBuildFile; fileRef = 1554CF0C1DFCECC500154ABD /* LaunchScreen.storyboard */; };
		1554CF2C1DFCED3000154ABD /* PYConfigManager.m in Sources */ = {isa = PBXBuildFile; fileRef = 1554CF181DFCED3000154ABD /* PYConfigManager.m */; };
		1554CF2D1DFCED3000154ABD /* PYEntityAsist.m in Sources */ = {isa = PBXBuildFile; fileRef = 1554CF1B1DFCED3000154ABD /* PYEntityAsist.m */; };
		1554CF2E1DFCED3000154ABD /* PYEntityManager.m in Sources */ = {isa = PBXBuildFile; fileRef = 1554CF1D1DFCED3000154ABD /* PYEntityManager.m */; };
		1554CF2F1DFCED3000154ABD /* PYEntitySql.m in Sources */ = {isa = PBXBuildFile; fileRef = 1554CF1F1DFCED3000154ABD /* PYEntitySql.m */; };
		1554CF301DFCED3000154ABD /* PYIPADatabase.m in Sources */ = {isa = PBXBuildFile; fileRef = 1554CF221DFCED3000154ABD /* PYIPADatabase.m */; };
		1554CF311DFCED3000154ABD /* PYIPADatabaseAdditions.m in Sources */ = {isa = PBXBuildFile; fileRef = 1554CF241DFCED3000154ABD /* PYIPADatabaseAdditions.m */; };
		1554CF321DFCED3000154ABD /* PYIPADatabasePool.m in Sources */ = {isa = PBXBuildFile; fileRef = 1554CF261DFCED3000154ABD /* PYIPADatabasePool.m */; };
		1554CF331DFCED3000154ABD /* PYIPADatabaseQueue.m in Sources */ = {isa = PBXBuildFile; fileRef = 1554CF281DFCED3000154ABD /* PYIPADatabaseQueue.m */; };
		1554CF341DFCED3000154ABD /* PYIPAResultSet.m in Sources */ = {isa = PBXBuildFile; fileRef = 1554CF2B1DFCED3000154ABD /* PYIPAResultSet.m */; };
		1554CF371DFCED4C00154ABD /* libsqlite3.tbd in Frameworks */ = {isa = PBXBuildFile; fileRef = 1554CF361DFCED4C00154ABD /* libsqlite3.tbd */; };
		1554CF651DFCEE8300154ABD /* pyipaa.h in CopyFiles */ = {isa = PBXBuildFile; fileRef = 1554CF621DFCEE8300154ABD /* pyipaa.h */; };
		1554CF6D1DFCEEE800154ABD /* PYConfigManager.m in Sources */ = {isa = PBXBuildFile; fileRef = 1554CF181DFCED3000154ABD /* PYConfigManager.m */; };
		1554CF6E1DFCEEE800154ABD /* PYEntityAsist.m in Sources */ = {isa = PBXBuildFile; fileRef = 1554CF1B1DFCED3000154ABD /* PYEntityAsist.m */; };
		1554CF6F1DFCEEE800154ABD /* PYEntityManager.m in Sources */ = {isa = PBXBuildFile; fileRef = 1554CF1D1DFCED3000154ABD /* PYEntityManager.m */; };
		1554CF701DFCEEE800154ABD /* PYEntitySql.m in Sources */ = {isa = PBXBuildFile; fileRef = 1554CF1F1DFCED3000154ABD /* PYEntitySql.m */; };
		1554CF711DFCEEE800154ABD /* PYIPADatabase.m in Sources */ = {isa = PBXBuildFile; fileRef = 1554CF221DFCED3000154ABD /* PYIPADatabase.m */; };
		1554CF721DFCEEE800154ABD /* PYIPADatabaseAdditions.m in Sources */ = {isa = PBXBuildFile; fileRef = 1554CF241DFCED3000154ABD /* PYIPADatabaseAdditions.m */; };
		1554CF731DFCEEE800154ABD /* PYIPADatabasePool.m in Sources */ = {isa = PBXBuildFile; fileRef = 1554CF261DFCED3000154ABD /* PYIPADatabasePool.m */; };
		1554CF741DFCEEE800154ABD /* PYIPADatabaseQueue.m in Sources */ = {isa = PBXBuildFile; fileRef = 1554CF281DFCED3000154ABD /* PYIPADatabaseQueue.m */; };
		1554CF751DFCEEE800154ABD /* PYIPAResultSet.m in Sources */ = {isa = PBXBuildFile; fileRef = 1554CF2B1DFCED3000154ABD /* PYIPAResultSet.m */; };
		1554CF761DFCEEF700154ABD /* PYConfigManager.h in CopyFiles */ = {isa = PBXBuildFile; fileRef = 1554CF171DFCED3000154ABD /* PYConfigManager.h */; };
		1554CF771DFCEEF700154ABD /* PYEntityAsist.h in CopyFiles */ = {isa = PBXBuildFile; fileRef = 1554CF1A1DFCED3000154ABD /* PYEntityAsist.h */; };
		1554CF781DFCEEF700154ABD /* PYEntityManager.h in CopyFiles */ = {isa = PBXBuildFile; fileRef = 1554CF1C1DFCED3000154ABD /* PYEntityManager.h */; };
		1554CF791DFCEEF700154ABD /* PYEntitySql.h in CopyFiles */ = {isa = PBXBuildFile; fileRef = 1554CF1E1DFCED3000154ABD /* PYEntitySql.h */; };
		15E3EB732159E140005A431F /* PYEventManager.m in Sources */ = {isa = PBXBuildFile; fileRef = 15E3EB722159E140005A431F /* PYEventManager.m */; };
		15E3EB74215A070B005A431F /* PYEventManager.m in Sources */ = {isa = PBXBuildFile; fileRef = 15E3EB722159E140005A431F /* PYEventManager.m */; };
		15E3EB75215A071B005A431F /* PYEventManager.h in CopyFiles */ = {isa = PBXBuildFile; fileRef = 15E3EB712159E140005A431F /* PYEventManager.h */; };
/* End PBXBuildFile section */

/* Begin PBXCopyFilesBuildPhase section */
		1554CF5E1DFCEE8300154ABD /* CopyFiles */ = {
			isa = PBXCopyFilesBuildPhase;
			buildActionMask = 2147483647;
			dstPath = "$(PRODUCT_NAME)";
			dstSubfolderSpec = 16;
			files = (
				15E3EB75215A071B005A431F /* PYEventManager.h in CopyFiles */,
				1554CF761DFCEEF700154ABD /* PYConfigManager.h in CopyFiles */,
				1554CF771DFCEEF700154ABD /* PYEntityAsist.h in CopyFiles */,
				1554CF781DFCEEF700154ABD /* PYEntityManager.h in CopyFiles */,
				1554CF791DFCEEF700154ABD /* PYEntitySql.h in CopyFiles */,
				1554CF651DFCEE8300154ABD /* pyipaa.h in CopyFiles */,
			);
			runOnlyForDeploymentPostprocessing = 0;
		};
/* End PBXCopyFilesBuildPhase section */

/* Begin PBXFileReference section */
		1502A58B223A3DF100F0787A /* libpyutilea.a */ = {isa = PBXFileReference; explicitFileType = archive.ar; path = libpyutilea.a; sourceTree = BUILT_PRODUCTS_DIR; };
		150AA58C1EC2D78700433FD2 /* PYTestEntity.h */ = {isa = PBXFileReference; fileEncoding = 4; lastKnownFileType = sourcecode.c.h; path = PYTestEntity.h; sourceTree = "<group>"; };
		150AA58D1EC2D78700433FD2 /* PYTestEntity.m */ = {isa = PBXFileReference; fileEncoding = 4; lastKnownFileType = sourcecode.c.objc; path = PYTestEntity.m; sourceTree = "<group>"; };
		1554CEFB1DFCECC500154ABD /* PYIpa.app */ = {isa = PBXFileReference; explicitFileType = wrapper.application; includeInIndex = 0; path = PYIpa.app; sourceTree = BUILT_PRODUCTS_DIR; };
		1554CEFF1DFCECC500154ABD /* main.m */ = {isa = PBXFileReference; lastKnownFileType = sourcecode.c.objc; path = main.m; sourceTree = "<group>"; };
		1554CF011DFCECC500154ABD /* AppDelegate.h */ = {isa = PBXFileReference; lastKnownFileType = sourcecode.c.h; path = AppDelegate.h; sourceTree = "<group>"; };
		1554CF021DFCECC500154ABD /* AppDelegate.m */ = {isa = PBXFileReference; lastKnownFileType = sourcecode.c.objc; path = AppDelegate.m; sourceTree = "<group>"; };
		1554CF041DFCECC500154ABD /* ViewController.h */ = {isa = PBXFileReference; lastKnownFileType = sourcecode.c.h; path = ViewController.h; sourceTree = "<group>"; };
		1554CF051DFCECC500154ABD /* ViewController.m */ = {isa = PBXFileReference; lastKnownFileType = sourcecode.c.objc; path = ViewController.m; sourceTree = "<group>"; };
		1554CF081DFCECC500154ABD /* Base */ = {isa = PBXFileReference; lastKnownFileType = file.storyboard; name = Base; path = Base.lproj/Main.storyboard; sourceTree = "<group>"; };
		1554CF0A1DFCECC500154ABD /* Assets.xcassets */ = {isa = PBXFileReference; lastKnownFileType = folder.assetcatalog; path = Assets.xcassets; sourceTree = "<group>"; };
		1554CF0D1DFCECC500154ABD /* Base */ = {isa = PBXFileReference; lastKnownFileType = file.storyboard; name = Base; path = Base.lproj/LaunchScreen.storyboard; sourceTree = "<group>"; };
		1554CF0F1DFCECC500154ABD /* Info.plist */ = {isa = PBXFileReference; lastKnownFileType = text.plist.xml; path = Info.plist; sourceTree = "<group>"; };
		1554CF171DFCED3000154ABD /* PYConfigManager.h */ = {isa = PBXFileReference; fileEncoding = 4; lastKnownFileType = sourcecode.c.h; path = PYConfigManager.h; sourceTree = "<group>"; };
		1554CF181DFCED3000154ABD /* PYConfigManager.m */ = {isa = PBXFileReference; fileEncoding = 4; lastKnownFileType = sourcecode.c.objc; path = PYConfigManager.m; sourceTree = "<group>"; };
		1554CF1A1DFCED3000154ABD /* PYEntityAsist.h */ = {isa = PBXFileReference; fileEncoding = 4; lastKnownFileType = sourcecode.c.h; path = PYEntityAsist.h; sourceTree = "<group>"; };
		1554CF1B1DFCED3000154ABD /* PYEntityAsist.m */ = {isa = PBXFileReference; fileEncoding = 4; lastKnownFileType = sourcecode.c.objc; path = PYEntityAsist.m; sourceTree = "<group>"; };
		1554CF1C1DFCED3000154ABD /* PYEntityManager.h */ = {isa = PBXFileReference; fileEncoding = 4; lastKnownFileType = sourcecode.c.h; path = PYEntityManager.h; sourceTree = "<group>"; };
		1554CF1D1DFCED3000154ABD /* PYEntityManager.m */ = {isa = PBXFileReference; fileEncoding = 4; lastKnownFileType = sourcecode.c.objc; path = PYEntityManager.m; sourceTree = "<group>"; };
		1554CF1E1DFCED3000154ABD /* PYEntitySql.h */ = {isa = PBXFileReference; fileEncoding = 4; lastKnownFileType = sourcecode.c.h; path = PYEntitySql.h; sourceTree = "<group>"; };
		1554CF1F1DFCED3000154ABD /* PYEntitySql.m */ = {isa = PBXFileReference; fileEncoding = 4; lastKnownFileType = sourcecode.c.objc; path = PYEntitySql.m; sourceTree = "<group>"; };
		1554CF211DFCED3000154ABD /* PYIPADatabase.h */ = {isa = PBXFileReference; fileEncoding = 4; lastKnownFileType = sourcecode.c.h; path = PYIPADatabase.h; sourceTree = "<group>"; };
		1554CF221DFCED3000154ABD /* PYIPADatabase.m */ = {isa = PBXFileReference; fileEncoding = 4; lastKnownFileType = sourcecode.c.objc; path = PYIPADatabase.m; sourceTree = "<group>"; };
		1554CF231DFCED3000154ABD /* PYIPADatabaseAdditions.h */ = {isa = PBXFileReference; fileEncoding = 4; lastKnownFileType = sourcecode.c.h; path = PYIPADatabaseAdditions.h; sourceTree = "<group>"; };
		1554CF241DFCED3000154ABD /* PYIPADatabaseAdditions.m */ = {isa = PBXFileReference; fileEncoding = 4; lastKnownFileType = sourcecode.c.objc; path = PYIPADatabaseAdditions.m; sourceTree = "<group>"; };
		1554CF251DFCED3000154ABD /* PYIPADatabasePool.h */ = {isa = PBXFileReference; fileEncoding = 4; lastKnownFileType = sourcecode.c.h; path = PYIPADatabasePool.h; sourceTree = "<group>"; };
		1554CF261DFCED3000154ABD /* PYIPADatabasePool.m */ = {isa = PBXFileReference; fileEncoding = 4; lastKnownFileType = sourcecode.c.objc; path = PYIPADatabasePool.m; sourceTree = "<group>"; };
		1554CF271DFCED3000154ABD /* PYIPADatabaseQueue.h */ = {isa = PBXFileReference; fileEncoding = 4; lastKnownFileType = sourcecode.c.h; path = PYIPADatabaseQueue.h; sourceTree = "<group>"; };
		1554CF281DFCED3000154ABD /* PYIPADatabaseQueue.m */ = {isa = PBXFileReference; fileEncoding = 4; lastKnownFileType = sourcecode.c.objc; path = PYIPADatabaseQueue.m; sourceTree = "<group>"; };
		1554CF291DFCED3000154ABD /* PYIPADB.h */ = {isa = PBXFileReference; fileEncoding = 4; lastKnownFileType = sourcecode.c.h; path = PYIPADB.h; sourceTree = "<group>"; };
		1554CF2A1DFCED3000154ABD /* PYIPAResultSet.h */ = {isa = PBXFileReference; fileEncoding = 4; lastKnownFileType = sourcecode.c.h; path = PYIPAResultSet.h; sourceTree = "<group>"; };
		1554CF2B1DFCED3000154ABD /* PYIPAResultSet.m */ = {isa = PBXFileReference; fileEncoding = 4; lastKnownFileType = sourcecode.c.objc; path = PYIPAResultSet.m; sourceTree = "<group>"; };
		1554CF361DFCED4C00154ABD /* libsqlite3.tbd */ = {isa = PBXFileReference; lastKnownFileType = "sourcecode.text-based-dylib-definition"; name = libsqlite3.tbd; path = usr/lib/libsqlite3.tbd; sourceTree = SDKROOT; };
		1554CF601DFCEE8300154ABD /* libpyipaa.a */ = {isa = PBXFileReference; explicitFileType = archive.ar; includeInIndex = 0; path = libpyipaa.a; sourceTree = BUILT_PRODUCTS_DIR; };
		1554CF621DFCEE8300154ABD /* pyipaa.h */ = {isa = PBXFileReference; lastKnownFileType = sourcecode.c.h; path = pyipaa.h; sourceTree = "<group>"; };
		15A91DC8238B9A7C00F5517B /* PYViewAutolayoutCenter.h */ = {isa = PBXFileReference; fileEncoding = 4; lastKnownFileType = sourcecode.c.h; name = PYViewAutolayoutCenter.h; path = ../../../PYUtile/PYUtile/Source/Public/ViewAutolayout/PYViewAutolayoutCenter.h; sourceTree = "<group>"; };
		15A91DC9238B9A7C00F5517B /* UIViewController+HookView.h */ = {isa = PBXFileReference; fileEncoding = 4; lastKnownFileType = sourcecode.c.h; name = "UIViewController+HookView.h"; path = "../../../PYUtile/PYUtile/Source/Public/Hook/UIViewController+HookView.h"; sourceTree = "<group>"; };
		15A91DCA238B9A7C00F5517B /* metamacros.h */ = {isa = PBXFileReference; fileEncoding = 4; lastKnownFileType = sourcecode.c.h; name = metamacros.h; path = ../../../../git/transferpassengerforios/Transfer/Transfer/Lib/PYLib/pyutile/pyutilea/metamacros.h; sourceTree = "<group>"; };
		15A91DCB238B9A7C00F5517B /* PYXml.h */ = {isa = PBXFileReference; fileEncoding = 4; lastKnownFileType = sourcecode.c.h; name = PYXml.h; path = ../../../PYUtile/PYUtile/Source/Public/Xml/PYXml.h; sourceTree = "<group>"; };
		15A91DCC238B9A7C00F5517B /* PYUtile.h */ = {isa = PBXFileReference; fileEncoding = 4; lastKnownFileType = sourcecode.c.h; name = PYUtile.h; path = ../../../PYUtile/PYUtile/Source/Public/Utile/PYUtile.h; sourceTree = "<group>"; };
		15A91DCD238B9A7C00F5517B /* UIView+PYExpand.h */ = {isa = PBXFileReference; fileEncoding = 4; lastKnownFileType = sourcecode.c.h; name = "UIView+PYExpand.h"; path = "../../../PYUtile/PYUtile/Source/Public/Expand/UIView+PYExpand.h"; sourceTree = "<group>"; };
		15A91DCE238B9A7D00F5517B /* UIImage+PYExpand.h */ = {isa = PBXFileReference; fileEncoding = 4; lastKnownFileType = sourcecode.c.h; name = "UIImage+PYExpand.h"; path = "../../../PYUtile/PYUtile/Source/Public/Expand/UIImage+PYExpand.h"; sourceTree = "<group>"; };
		15A91DCF238B9A7D00F5517B /* UILable+PYExpand.h */ = {isa = PBXFileReference; fileEncoding = 4; lastKnownFileType = sourcecode.c.h; name = "UILable+PYExpand.h"; path = "../../../PYUtile/PYUtile/Source/Public/Expand/UILable+PYExpand.h"; sourceTree = "<group>"; };
		15A91DD0238B9A7D00F5517B /* UIColor+PYExpand.h */ = {isa = PBXFileReference; fileEncoding = 4; lastKnownFileType = sourcecode.c.h; name = "UIColor+PYExpand.h"; path = "../../../PYUtile/PYUtile/Source/Public/Expand/UIColor+PYExpand.h"; sourceTree = "<group>"; };
		15A91DD1238B9A7D00F5517B /* PYUtileMacro.h */ = {isa = PBXFileReference; fileEncoding = 4; lastKnownFileType = sourcecode.c.h; name = PYUtileMacro.h; path = ../../../PYUtile/PYUtile/Source/Public/Utile/PYUtileMacro.h; sourceTree = "<group>"; };
		15A91DD2238B9A7D00F5517B /* NSObject+Hook.h */ = {isa = PBXFileReference; fileEncoding = 4; lastKnownFileType = sourcecode.c.h; name = "NSObject+Hook.h"; path = "../../../PYUtile/PYUtile/Source/Public/Hook/NSObject+Hook.h"; sourceTree = "<group>"; };
		15A91DD3238B9A7D00F5517B /* metamacros.h */ = {isa = PBXFileReference; fileEncoding = 4; lastKnownFileType = sourcecode.c.h; name = metamacros.h; path = ../../../PYUtile/PYUtile/Source/Public/EXTScope/metamacros.h; sourceTree = "<group>"; };
		15A91DD4238B9A7D00F5517B /* NSDate+PYExpand.h */ = {isa = PBXFileReference; fileEncoding = 4; lastKnownFileType = sourcecode.c.h; name = "NSDate+PYExpand.h"; path = "../../../PYUtile/PYUtile/Source/Public/Expand/NSDate+PYExpand.h"; sourceTree = "<group>"; };
		15A91DD5238B9A7D00F5517B /* PYInvoke.h */ = {isa = PBXFileReference; fileEncoding = 4; lastKnownFileType = sourcecode.c.h; name = PYInvoke.h; path = ../../../PYUtile/PYUtile/Source/Public/Invoke/PYInvoke.h; sourceTree = "<group>"; };
		15A91DD6238B9A7E00F5517B /* NSDictionary+PYExpand.h */ = {isa = PBXFileReference; fileEncoding = 4; lastKnownFileType = sourcecode.c.h; name = "NSDictionary+PYExpand.h"; path = "../../../PYUtile/PYUtile/Source/Public/Expand/NSDictionary+PYExpand.h"; sourceTree = "<group>"; };
		15A91DD7238B9A7E00F5517B /* NSObject+PYExpand.h */ = {isa = PBXFileReference; fileEncoding = 4; lastKnownFileType = sourcecode.c.h; name = "NSObject+PYExpand.h"; path = "../../../PYUtile/PYUtile/Source/Public/Expand/NSObject+PYExpand.h"; sourceTree = "<group>"; };
		15A91DD8238B9A7E00F5517B /* PYUncaughtExceptionHandler.h */ = {isa = PBXFileReference; fileEncoding = 4; lastKnownFileType = sourcecode.c.h; name = PYUncaughtExceptionHandler.h; path = ../../../PYUtile/PYUtile/Source/Public/Utile/PYUncaughtExceptionHandler.h; sourceTree = "<group>"; };
		15A91DD9238B9A7E00F5517B /* UIViewController+Hook.h */ = {isa = PBXFileReference; fileEncoding = 4; lastKnownFileType = sourcecode.c.h; name = "UIViewController+Hook.h"; path = "../../../PYUtile/PYUtile/Source/Public/Hook/UIViewController+Hook.h"; sourceTree = "<group>"; };
		15A91DDA238B9A7E00F5517B /* NSString+PYExpand.h */ = {isa = PBXFileReference; fileEncoding = 4; lastKnownFileType = sourcecode.c.h; name = "NSString+PYExpand.h"; path = "../../../PYUtile/PYUtile/Source/Public/Expand/NSString+PYExpand.h"; sourceTree = "<group>"; };
		15A91DDB238B9A7E00F5517B /* PYHook.h */ = {isa = PBXFileReference; fileEncoding = 4; lastKnownFileType = sourcecode.c.h; name = PYHook.h; path = ../../../PYUtile/PYUtile/Source/Public/Hook/PYHook.h; sourceTree = "<group>"; };
		15A91DDC238B9A7E00F5517B /* PYGraphicsThumb.h */ = {isa = PBXFileReference; fileEncoding = 4; lastKnownFileType = sourcecode.c.h; name = PYGraphicsThumb.h; path = ../../../PYUtile/PYUtile/Source/Public/Graphics/PYGraphicsThumb.h; sourceTree = "<group>"; };
		15A91DDD238B9A7E00F5517B /* PYMotionNotification.h */ = {isa = PBXFileReference; fileEncoding = 4; lastKnownFileType = sourcecode.c.h; name = PYMotionNotification.h; path = ../../../PYUtile/PYUtile/Source/Public/Notification/PYMotionNotification.h; sourceTree = "<group>"; };
		15A91DDE238B9A7F00F5517B /* PYOrientationNotification.h */ = {isa = PBXFileReference; fileEncoding = 4; lastKnownFileType = sourcecode.c.h; name = PYOrientationNotification.h; path = ../../../PYUtile/PYUtile/Source/Public/Notification/PYOrientationNotification.h; sourceTree = "<group>"; };
		15A91DDF238B9A7F00F5517B /* PYGraphicsDraw.h */ = {isa = PBXFileReference; fileEncoding = 4; lastKnownFileType = sourcecode.c.h; name = PYGraphicsDraw.h; path = ../../../PYUtile/PYUtile/Source/Public/Graphics/PYGraphicsDraw.h; sourceTree = "<group>"; };
		15A91DE0238B9A7F00F5517B /* UIView+Hook.h */ = {isa = PBXFileReference; fileEncoding = 4; lastKnownFileType = sourcecode.c.h; name = "UIView+Hook.h"; path = "../../../PYUtile/PYUtile/Source/Public/Hook/UIView+Hook.h"; sourceTree = "<group>"; };
		15A91DE1238B9A7F00F5517B /* NSNumber+PYExpand.h */ = {isa = PBXFileReference; fileEncoding = 4; lastKnownFileType = sourcecode.c.h; name = "NSNumber+PYExpand.h"; path = "../../../PYUtile/PYUtile/Source/Public/Expand/NSNumber+PYExpand.h"; sourceTree = "<group>"; };
		15A91DE2238B9A7F00F5517B /* NSData+PYExpand.h */ = {isa = PBXFileReference; fileEncoding = 4; lastKnownFileType = sourcecode.c.h; name = "NSData+PYExpand.h"; path = "../../../PYUtile/PYUtile/Source/Public/Expand/NSData+PYExpand.h"; sourceTree = "<group>"; };
		15A91DE3238B9A7F00F5517B /* UIViewController+HookOrientation.h */ = {isa = PBXFileReference; fileEncoding = 4; lastKnownFileType = sourcecode.c.h; name = "UIViewController+HookOrientation.h"; path = "../../../PYUtile/PYUtile/Source/Public/Hook/UIViewController+HookOrientation.h"; sourceTree = "<group>"; };
		15A91DE4238B9A8000F5517B /* PYKeyboardNotification.h */ = {isa = PBXFileReference; fileEncoding = 4; lastKnownFileType = sourcecode.c.h; name = PYKeyboardNotification.h; path = ../../../PYUtile/PYUtile/Source/Public/Notification/PYKeyboardNotification.h; sourceTree = "<group>"; };
		15A91DE5238B9A8000F5517B /* EXTScope.h */ = {isa = PBXFileReference; fileEncoding = 4; lastKnownFileType = sourcecode.c.h; name = EXTScope.h; path = ../../../PYUtile/PYUtile/Source/Public/EXTScope/EXTScope.h; sourceTree = "<group>"; };
		15A91DE6238B9A8000F5517B /* UIResponder+Hook.h */ = {isa = PBXFileReference; fileEncoding = 4; lastKnownFileType = sourcecode.c.h; name = "UIResponder+Hook.h"; path = "../../../PYUtile/PYUtile/Source/Public/Hook/UIResponder+Hook.h"; sourceTree = "<group>"; };
		15A91DE7238B9A8000F5517B /* PYKeychain.h */ = {isa = PBXFileReference; fileEncoding = 4; lastKnownFileType = sourcecode.c.h; name = PYKeychain.h; path = ../../../PYUtile/PYUtile/Source/Public/Keychain/PYKeychain.h; sourceTree = "<group>"; };
		15A91E0B238B9B9A00F5517B /* pyutilea.h */ = {isa = PBXFileReference; fileEncoding = 4; lastKnownFileType = sourcecode.c.h; name = pyutilea.h; path = ../../../PYUtile/pyutilea/pyutilea.h; sourceTree = "<group>"; };
		15A91E0E238B9D4500F5518B /* UIButton+PYExpand.h */ = {isa = PBXFileReference; fileEncoding = 4; lastKnownFileType = sourcecode.c.h; name = "UIButton+PYExpand.h"; path = "../../../PYUtile/PYUtile/Source/Public/Expand/UIButton+PYExpand.h"; sourceTree = "<group>"; };
		15A91E10238B9D7000F5517B /* NSArray+PYExpand.h */ = {isa = PBXFileReference; fileEncoding = 4; lastKnownFileType = sourcecode.c.h; name = "NSArray+PYExpand.h"; path = "../../../PYUtile/PYUtile/Source/Public/Expand/NSArray+PYExpand.h"; sourceTree = "<group>"; };
		15E3EB712159E140005A431F /* PYEventManager.h */ = {isa = PBXFileReference; lastKnownFileType = sourcecode.c.h; path = PYEventManager.h; sourceTree = "<group>"; };
		15E3EB722159E140005A431F /* PYEventManager.m */ = {isa = PBXFileReference; lastKnownFileType = sourcecode.c.objc; path = PYEventManager.m; sourceTree = "<group>"; };
		15EFB3B624ED632D003BEAB0 /* PYAutolayoutUtilites.h */ = {isa = PBXFileReference; fileEncoding = 4; lastKnownFileType = sourcecode.c.h; path = PYAutolayoutUtilites.h; sourceTree = "<group>"; };
		15EFB3B724ED632D003BEAB0 /* PYConstraintMaker.h */ = {isa = PBXFileReference; fileEncoding = 4; lastKnownFileType = sourcecode.c.h; path = PYConstraintMaker.h; sourceTree = "<group>"; };
		15EFB3B824ED632D003BEAB0 /* UIView+PYAutolayout.h */ = {isa = PBXFileReference; fileEncoding = 4; lastKnownFileType = sourcecode.c.h; path = "UIView+PYAutolayout.h"; sourceTree = "<group>"; };
/* End PBXFileReference section */

/* Begin PBXFrameworksBuildPhase section */
		1554CEF81DFCECC500154ABD /* Frameworks */ = {
			isa = PBXFrameworksBuildPhase;
			buildActionMask = 2147483647;
			files = (
				1502A58C223A3DF100F0787A /* libpyutilea.a in Frameworks */,
				1554CF371DFCED4C00154ABD /* libsqlite3.tbd in Frameworks */,
			);
			runOnlyForDeploymentPostprocessing = 0;
		};
		1554CF5D1DFCEE8300154ABD /* Frameworks */ = {
			isa = PBXFrameworksBuildPhase;
			buildActionMask = 2147483647;
			files = (
			);
			runOnlyForDeploymentPostprocessing = 0;
		};
/* End PBXFrameworksBuildPhase section */

/* Begin PBXGroup section */
		1502A537223A3C0600F0787A /* Library */ = {
			isa = PBXGroup;
			children = (
				1502A538223A3C1100F0787A /* PYUtile */,
			);
			path = Library;
			sourceTree = "<group>";
		};
		1502A538223A3C1100F0787A /* PYUtile */ = {
			isa = PBXGroup;
			children = (
				15EFB3B624ED632D003BEAB0 /* PYAutolayoutUtilites.h */,
				15EFB3B724ED632D003BEAB0 /* PYConstraintMaker.h */,
				15EFB3B824ED632D003BEAB0 /* UIView+PYAutolayout.h */,
				15A91E0E238B9D4500F5518B /* UIButton+PYExpand.h */,
				15A91E10238B9D7000F5517B /* NSArray+PYExpand.h */,
				15A91E0B238B9B9A00F5517B /* pyutilea.h */,
				15A91DE5238B9A8000F5517B /* EXTScope.h */,
				15A91DD3238B9A7D00F5517B /* metamacros.h */,
				15A91DCA238B9A7C00F5517B /* metamacros.h */,
				15A91DE2238B9A7F00F5517B /* NSData+PYExpand.h */,
				15A91DD4238B9A7D00F5517B /* NSDate+PYExpand.h */,
				15A91DD6238B9A7E00F5517B /* NSDictionary+PYExpand.h */,
				15A91DE1238B9A7F00F5517B /* NSNumber+PYExpand.h */,
				15A91DD2238B9A7D00F5517B /* NSObject+Hook.h */,
				15A91DD7238B9A7E00F5517B /* NSObject+PYExpand.h */,
				15A91DDA238B9A7E00F5517B /* NSString+PYExpand.h */,
				15A91DDF238B9A7F00F5517B /* PYGraphicsDraw.h */,
				15A91DDC238B9A7E00F5517B /* PYGraphicsThumb.h */,
				15A91DDB238B9A7E00F5517B /* PYHook.h */,
				15A91DD5238B9A7D00F5517B /* PYInvoke.h */,
				15A91DE4238B9A8000F5517B /* PYKeyboardNotification.h */,
				15A91DE7238B9A8000F5517B /* PYKeychain.h */,
				15A91DDD238B9A7E00F5517B /* PYMotionNotification.h */,
				15A91DDE238B9A7F00F5517B /* PYOrientationNotification.h */,
				15A91DD8238B9A7E00F5517B /* PYUncaughtExceptionHandler.h */,
				15A91DCC238B9A7C00F5517B /* PYUtile.h */,
				15A91DD1238B9A7D00F5517B /* PYUtileMacro.h */,
				15A91DC8238B9A7C00F5517B /* PYViewAutolayoutCenter.h */,
				15A91DCB238B9A7C00F5517B /* PYXml.h */,
				15A91DD0238B9A7D00F5517B /* UIColor+PYExpand.h */,
				15A91DCE238B9A7D00F5517B /* UIImage+PYExpand.h */,
				15A91DCF238B9A7D00F5517B /* UILable+PYExpand.h */,
				15A91DE6238B9A8000F5517B /* UIResponder+Hook.h */,
				15A91DE0238B9A7F00F5517B /* UIView+Hook.h */,
				15A91DCD238B9A7C00F5517B /* UIView+PYExpand.h */,
				15A91DD9238B9A7E00F5517B /* UIViewController+Hook.h */,
				15A91DE3238B9A7F00F5517B /* UIViewController+HookOrientation.h */,
				15A91DC9238B9A7C00F5517B /* UIViewController+HookView.h */,
			);
			path = PYUtile;
			sourceTree = "<group>";
		};
		1521DC2C226EB2E800CBED0C /* Public */ = {
			isa = PBXGroup;
			children = (
				15B5C9AB2324E54B0073CEBB /* Cookie */,
				15E3EB702159E10E005A431F /* EventManager */,
				1554CF161DFCED3000154ABD /* ConfigManager */,
				1554CF191DFCED3000154ABD /* EntityManager */,
			);
			path = Public;
			sourceTree = "<group>";
		};
		1521DC2D226EB2FA00CBED0C /* Private */ = {
			isa = PBXGroup;
			children = (
				1554CF201DFCED3000154ABD /* PYDB */,
			);
			path = Private;
			sourceTree = "<group>";
		};
		1554CEF21DFCECC500154ABD = {
			isa = PBXGroup;
			children = (
				1502A537223A3C0600F0787A /* Library */,
				1554CEFD1DFCECC500154ABD /* PYIpa */,
				1554CF611DFCEE8300154ABD /* pyipaa */,
				1554CEFC1DFCECC500154ABD /* Products */,
				1554CF351DFCED4C00154ABD /* Frameworks */,
			);
			sourceTree = "<group>";
		};
		1554CEFC1DFCECC500154ABD /* Products */ = {
			isa = PBXGroup;
			children = (
				1554CEFB1DFCECC500154ABD /* PYIpa.app */,
				1554CF601DFCEE8300154ABD /* libpyipaa.a */,
			);
			name = Products;
			sourceTree = "<group>";
		};
		1554CEFD1DFCECC500154ABD /* PYIpa */ = {
			isa = PBXGroup;
			children = (
				1554CF151DFCED3000154ABD /* Source */,
				1554CF011DFCECC500154ABD /* AppDelegate.h */,
				1554CF021DFCECC500154ABD /* AppDelegate.m */,
				1554CF041DFCECC500154ABD /* ViewController.h */,
				1554CF051DFCECC500154ABD /* ViewController.m */,
				1554CF071DFCECC500154ABD /* Main.storyboard */,
				1554CF0A1DFCECC500154ABD /* Assets.xcassets */,
				1554CF0C1DFCECC500154ABD /* LaunchScreen.storyboard */,
				1554CF0F1DFCECC500154ABD /* Info.plist */,
				1554CEFE1DFCECC500154ABD /* Supporting Files */,
				150AA58C1EC2D78700433FD2 /* PYTestEntity.h */,
				150AA58D1EC2D78700433FD2 /* PYTestEntity.m */,
			);
			path = PYIpa;
			sourceTree = "<group>";
		};
		1554CEFE1DFCECC500154ABD /* Supporting Files */ = {
			isa = PBXGroup;
			children = (
				1554CEFF1DFCECC500154ABD /* main.m */,
			);
			name = "Supporting Files";
			sourceTree = "<group>";
		};
		1554CF151DFCED3000154ABD /* Source */ = {
			isa = PBXGroup;
			children = (
				1521DC2D226EB2FA00CBED0C /* Private */,
				1521DC2C226EB2E800CBED0C /* Public */,
			);
			path = Source;
			sourceTree = "<group>";
		};
		1554CF161DFCED3000154ABD /* ConfigManager */ = {
			isa = PBXGroup;
			children = (
				1554CF171DFCED3000154ABD /* PYConfigManager.h */,
				1554CF181DFCED3000154ABD /* PYConfigManager.m */,
			);
			path = ConfigManager;
			sourceTree = "<group>";
		};
		1554CF191DFCED3000154ABD /* EntityManager */ = {
			isa = PBXGroup;
			children = (
				1554CF1A1DFCED3000154ABD /* PYEntityAsist.h */,
				1554CF1B1DFCED3000154ABD /* PYEntityAsist.m */,
				1554CF1C1DFCED3000154ABD /* PYEntityManager.h */,
				1554CF1D1DFCED3000154ABD /* PYEntityManager.m */,
				1554CF1E1DFCED3000154ABD /* PYEntitySql.h */,
				1554CF1F1DFCED3000154ABD /* PYEntitySql.m */,
			);
			path = EntityManager;
			sourceTree = "<group>";
		};
		1554CF201DFCED3000154ABD /* PYDB */ = {
			isa = PBXGroup;
			children = (
				1554CF211DFCED3000154ABD /* PYIPADatabase.h */,
				1554CF221DFCED3000154ABD /* PYIPADatabase.m */,
				1554CF231DFCED3000154ABD /* PYIPADatabaseAdditions.h */,
				1554CF241DFCED3000154ABD /* PYIPADatabaseAdditions.m */,
				1554CF251DFCED3000154ABD /* PYIPADatabasePool.h */,
				1554CF261DFCED3000154ABD /* PYIPADatabasePool.m */,
				1554CF271DFCED3000154ABD /* PYIPADatabaseQueue.h */,
				1554CF281DFCED3000154ABD /* PYIPADatabaseQueue.m */,
				1554CF291DFCED3000154ABD /* PYIPADB.h */,
				1554CF2A1DFCED3000154ABD /* PYIPAResultSet.h */,
				1554CF2B1DFCED3000154ABD /* PYIPAResultSet.m */,
			);
			path = PYDB;
			sourceTree = "<group>";
		};
		1554CF351DFCED4C00154ABD /* Frameworks */ = {
			isa = PBXGroup;
			children = (
				1502A58B223A3DF100F0787A /* libpyutilea.a */,
				1554CF361DFCED4C00154ABD /* libsqlite3.tbd */,
			);
			name = Frameworks;
			sourceTree = "<group>";
		};
		1554CF611DFCEE8300154ABD /* pyipaa */ = {
			isa = PBXGroup;
			children = (
				1554CF621DFCEE8300154ABD /* pyipaa.h */,
			);
			path = pyipaa;
			sourceTree = "<group>";
		};
		15B5C9AB2324E54B0073CEBB /* Cookie */ = {
			isa = PBXGroup;
			children = (
			);
			path = Cookie;
			sourceTree = "<group>";
		};
		15E3EB702159E10E005A431F /* EventManager */ = {
			isa = PBXGroup;
			children = (
				15E3EB712159E140005A431F /* PYEventManager.h */,
				15E3EB722159E140005A431F /* PYEventManager.m */,
			);
			path = EventManager;
			sourceTree = "<group>";
		};
/* End PBXGroup section */

/* Begin PBXNativeTarget section */
		1554CEFA1DFCECC500154ABD /* PYIpa */ = {
			isa = PBXNativeTarget;
			buildConfigurationList = 1554CF121DFCECC500154ABD /* Build configuration list for PBXNativeTarget "PYIpa" */;
			buildPhases = (
				1554CEF71DFCECC500154ABD /* Sources */,
				1554CEF81DFCECC500154ABD /* Frameworks */,
				1554CEF91DFCECC500154ABD /* Resources */,
			);
			buildRules = (
			);
			dependencies = (
			);
			name = PYIpa;
			productName = PYIpa;
			productReference = 1554CEFB1DFCECC500154ABD /* PYIpa.app */;
			productType = "com.apple.product-type.application";
		};
		1554CF5F1DFCEE8300154ABD /* pyipaa */ = {
			isa = PBXNativeTarget;
			buildConfigurationList = 1554CF661DFCEE8300154ABD /* Build configuration list for PBXNativeTarget "pyipaa" */;
			buildPhases = (
				1554CF5C1DFCEE8300154ABD /* Sources */,
				1554CF5D1DFCEE8300154ABD /* Frameworks */,
				1554CF5E1DFCEE8300154ABD /* CopyFiles */,
			);
			buildRules = (
			);
			dependencies = (
			);
			name = pyipaa;
			productName = pyipaa;
			productReference = 1554CF601DFCEE8300154ABD /* libpyipaa.a */;
			productType = "com.apple.product-type.library.static";
		};
/* End PBXNativeTarget section */

/* Begin PBXProject section */
		1554CEF31DFCECC500154ABD /* Project object */ = {
			isa = PBXProject;
			attributes = {
				LastUpgradeCheck = 0810;
				ORGANIZATIONNAME = wlpiaoyi;
				TargetAttributes = {
					1554CEFA1DFCECC500154ABD = {
						CreatedOnToolsVersion = 8.1;
						DevelopmentTeam = TVXZ27JPZ9;
						ProvisioningStyle = Automatic;
					};
					1554CF5F1DFCEE8300154ABD = {
						CreatedOnToolsVersion = 8.1;
						DevelopmentTeam = S4NUSJ3KDJ;
						ProvisioningStyle = Automatic;
					};
				};
			};
			buildConfigurationList = 1554CEF61DFCECC500154ABD /* Build configuration list for PBXProject "PYIpa" */;
			compatibilityVersion = "Xcode 3.2";
			developmentRegion = English;
			hasScannedForEncodings = 0;
			knownRegions = (
				English,
				en,
				Base,
			);
			mainGroup = 1554CEF21DFCECC500154ABD;
			productRefGroup = 1554CEFC1DFCECC500154ABD /* Products */;
			projectDirPath = "";
			projectRoot = "";
			targets = (
				1554CEFA1DFCECC500154ABD /* PYIpa */,
				1554CF5F1DFCEE8300154ABD /* pyipaa */,
			);
		};
/* End PBXProject section */

/* Begin PBXResourcesBuildPhase section */
		1554CEF91DFCECC500154ABD /* Resources */ = {
			isa = PBXResourcesBuildPhase;
			buildActionMask = 2147483647;
			files = (
				1554CF0E1DFCECC500154ABD /* LaunchScreen.storyboard in Resources */,
				1554CF0B1DFCECC500154ABD /* Assets.xcassets in Resources */,
				1554CF091DFCECC500154ABD /* Main.storyboard in Resources */,
			);
			runOnlyForDeploymentPostprocessing = 0;
		};
/* End PBXResourcesBuildPhase section */

/* Begin PBXSourcesBuildPhase section */
		1554CEF71DFCECC500154ABD /* Sources */ = {
			isa = PBXSourcesBuildPhase;
			buildActionMask = 2147483647;
			files = (
				1554CF061DFCECC500154ABD /* ViewController.m in Sources */,
				1554CF031DFCECC500154ABD /* AppDelegate.m in Sources */,
				150AA58E1EC2D78700433FD2 /* PYTestEntity.m in Sources */,
				1554CF2D1DFCED3000154ABD /* PYEntityAsist.m in Sources */,
				1554CF2C1DFCED3000154ABD /* PYConfigManager.m in Sources */,
				1554CF001DFCECC500154ABD /* main.m in Sources */,
				1554CF311DFCED3000154ABD /* PYIPADatabaseAdditions.m in Sources */,
				15E3EB732159E140005A431F /* PYEventManager.m in Sources */,
				1554CF341DFCED3000154ABD /* PYIPAResultSet.m in Sources */,
				1554CF2F1DFCED3000154ABD /* PYEntitySql.m in Sources */,
				1554CF321DFCED3000154ABD /* PYIPADatabasePool.m in Sources */,
				1554CF331DFCED3000154ABD /* PYIPADatabaseQueue.m in Sources */,
				1554CF2E1DFCED3000154ABD /* PYEntityManager.m in Sources */,
				1554CF301DFCED3000154ABD /* PYIPADatabase.m in Sources */,
			);
			runOnlyForDeploymentPostprocessing = 0;
		};
		1554CF5C1DFCEE8300154ABD /* Sources */ = {
			isa = PBXSourcesBuildPhase;
			buildActionMask = 2147483647;
			files = (
				15E3EB74215A070B005A431F /* PYEventManager.m in Sources */,
				1554CF6D1DFCEEE800154ABD /* PYConfigManager.m in Sources */,
				1554CF6E1DFCEEE800154ABD /* PYEntityAsist.m in Sources */,
				1554CF6F1DFCEEE800154ABD /* PYEntityManager.m in Sources */,
				1554CF701DFCEEE800154ABD /* PYEntitySql.m in Sources */,
				1554CF711DFCEEE800154ABD /* PYIPADatabase.m in Sources */,
				1554CF721DFCEEE800154ABD /* PYIPADatabaseAdditions.m in Sources */,
				1554CF731DFCEEE800154ABD /* PYIPADatabasePool.m in Sources */,
				1554CF741DFCEEE800154ABD /* PYIPADatabaseQueue.m in Sources */,
				1554CF751DFCEEE800154ABD /* PYIPAResultSet.m in Sources */,
			);
			runOnlyForDeploymentPostprocessing = 0;
		};
/* End PBXSourcesBuildPhase section */

/* Begin PBXVariantGroup section */
		1554CF071DFCECC500154ABD /* Main.storyboard */ = {
			isa = PBXVariantGroup;
			children = (
				1554CF081DFCECC500154ABD /* Base */,
			);
			name = Main.storyboard;
			sourceTree = "<group>";
		};
		1554CF0C1DFCECC500154ABD /* LaunchScreen.storyboard */ = {
			isa = PBXVariantGroup;
			children = (
				1554CF0D1DFCECC500154ABD /* Base */,
			);
			name = LaunchScreen.storyboard;
			sourceTree = "<group>";
		};
/* End PBXVariantGroup section */

/* Begin XCBuildConfiguration section */
		1554CF101DFCECC500154ABD /* Debug */ = {
			isa = XCBuildConfiguration;
			buildSettings = {
				ALWAYS_SEARCH_USER_PATHS = NO;
				CLANG_ANALYZER_NONNULL = YES;
				CLANG_CXX_LANGUAGE_STANDARD = "gnu++0x";
				CLANG_CXX_LIBRARY = "libc++";
				CLANG_ENABLE_MODULES = YES;
				CLANG_ENABLE_OBJC_ARC = YES;
				CLANG_WARN_BOOL_CONVERSION = YES;
				CLANG_WARN_CONSTANT_CONVERSION = YES;
				CLANG_WARN_DIRECT_OBJC_ISA_USAGE = YES_ERROR;
				CLANG_WARN_DOCUMENTATION_COMMENTS = YES;
				CLANG_WARN_EMPTY_BODY = YES;
				CLANG_WARN_ENUM_CONVERSION = YES;
				CLANG_WARN_INFINITE_RECURSION = YES;
				CLANG_WARN_INT_CONVERSION = YES;
				CLANG_WARN_OBJC_ROOT_CLASS = YES_ERROR;
				CLANG_WARN_SUSPICIOUS_MOVES = YES;
				CLANG_WARN_UNREACHABLE_CODE = YES;
				CLANG_WARN__DUPLICATE_METHOD_MATCH = YES;
				"CODE_SIGN_IDENTITY[sdk=iphoneos*]" = "iPhone Developer";
				COPY_PHASE_STRIP = NO;
				DEBUG_INFORMATION_FORMAT = dwarf;
				ENABLE_STRICT_OBJC_MSGSEND = YES;
				ENABLE_TESTABILITY = YES;
				GCC_C_LANGUAGE_STANDARD = gnu99;
				GCC_DYNAMIC_NO_PIC = NO;
				GCC_NO_COMMON_BLOCKS = YES;
				GCC_OPTIMIZATION_LEVEL = 0;
				GCC_PREPROCESSOR_DEFINITIONS = (
					"DEBUG=1",
					"$(inherited)",
				);
				GCC_WARN_64_TO_32_BIT_CONVERSION = YES;
				GCC_WARN_ABOUT_RETURN_TYPE = YES_ERROR;
				GCC_WARN_UNDECLARED_SELECTOR = YES;
				GCC_WARN_UNINITIALIZED_AUTOS = YES_AGGRESSIVE;
				GCC_WARN_UNUSED_FUNCTION = YES;
				GCC_WARN_UNUSED_VARIABLE = YES;
				IPHONEOS_DEPLOYMENT_TARGET = 10.1;
				MTL_ENABLE_DEBUG_INFO = YES;
				ONLY_ACTIVE_ARCH = YES;
				SDKROOT = iphoneos;
				TARGETED_DEVICE_FAMILY = "1,2";
			};
			name = Debug;
		};
		1554CF111DFCECC500154ABD /* Release */ = {
			isa = XCBuildConfiguration;
			buildSettings = {
				ALWAYS_SEARCH_USER_PATHS = NO;
				CLANG_ANALYZER_NONNULL = YES;
				CLANG_CXX_LANGUAGE_STANDARD = "gnu++0x";
				CLANG_CXX_LIBRARY = "libc++";
				CLANG_ENABLE_MODULES = YES;
				CLANG_ENABLE_OBJC_ARC = YES;
				CLANG_WARN_BOOL_CONVERSION = YES;
				CLANG_WARN_CONSTANT_CONVERSION = YES;
				CLANG_WARN_DIRECT_OBJC_ISA_USAGE = YES_ERROR;
				CLANG_WARN_DOCUMENTATION_COMMENTS = YES;
				CLANG_WARN_EMPTY_BODY = YES;
				CLANG_WARN_ENUM_CONVERSION = YES;
				CLANG_WARN_INFINITE_RECURSION = YES;
				CLANG_WARN_INT_CONVERSION = YES;
				CLANG_WARN_OBJC_ROOT_CLASS = YES_ERROR;
				CLANG_WARN_SUSPICIOUS_MOVES = YES;
				CLANG_WARN_UNREACHABLE_CODE = YES;
				CLANG_WARN__DUPLICATE_METHOD_MATCH = YES;
				"CODE_SIGN_IDENTITY[sdk=iphoneos*]" = "iPhone Developer";
				COPY_PHASE_STRIP = NO;
				DEBUG_INFORMATION_FORMAT = "dwarf-with-dsym";
				ENABLE_NS_ASSERTIONS = NO;
				ENABLE_STRICT_OBJC_MSGSEND = YES;
				GCC_C_LANGUAGE_STANDARD = gnu99;
				GCC_NO_COMMON_BLOCKS = YES;
				GCC_WARN_64_TO_32_BIT_CONVERSION = YES;
				GCC_WARN_ABOUT_RETURN_TYPE = YES_ERROR;
				GCC_WARN_UNDECLARED_SELECTOR = YES;
				GCC_WARN_UNINITIALIZED_AUTOS = YES_AGGRESSIVE;
				GCC_WARN_UNUSED_FUNCTION = YES;
				GCC_WARN_UNUSED_VARIABLE = YES;
				IPHONEOS_DEPLOYMENT_TARGET = 10.1;
				MTL_ENABLE_DEBUG_INFO = NO;
				SDKROOT = iphoneos;
				TARGETED_DEVICE_FAMILY = "1,2";
				VALIDATE_PRODUCT = YES;
			};
			name = Release;
		};
		1554CF131DFCECC500154ABD /* Debug */ = {
			isa = XCBuildConfiguration;
			buildSettings = {
				ASSETCATALOG_COMPILER_APPICON_NAME = AppIcon;
				DEVELOPMENT_TEAM = TVXZ27JPZ9;
				INFOPLIST_FILE = PYIpa/Info.plist;
				IPHONEOS_DEPLOYMENT_TARGET = 10.0;
				LD_RUNPATH_SEARCH_PATHS = "$(inherited) @executable_path/Frameworks";
				LIBRARY_SEARCH_PATHS = (
					"$(inherited)",
					"$(PROJECT_DIR)",
					"$(PROJECT_DIR)/include",
					"$(PROJECT_DIR)/include/pyutile",
				);
				OTHER_LDFLAGS = "-ObjC";
				PRODUCT_BUNDLE_IDENTIFIER = wlpiaoyi.PYIpa;
				PRODUCT_NAME = "$(TARGET_NAME)";
			};
			name = Debug;
		};
		1554CF141DFCECC500154ABD /* Release */ = {
			isa = XCBuildConfiguration;
			buildSettings = {
				ASSETCATALOG_COMPILER_APPICON_NAME = AppIcon;
				DEVELOPMENT_TEAM = TVXZ27JPZ9;
				INFOPLIST_FILE = PYIpa/Info.plist;
				IPHONEOS_DEPLOYMENT_TARGET = 10.0;
				LD_RUNPATH_SEARCH_PATHS = "$(inherited) @executable_path/Frameworks";
				LIBRARY_SEARCH_PATHS = (
					"$(inherited)",
					"$(PROJECT_DIR)",
					"$(PROJECT_DIR)/include",
					"$(PROJECT_DIR)/include/pyutile",
				);
				OTHER_LDFLAGS = "-ObjC";
				PRODUCT_BUNDLE_IDENTIFIER = wlpiaoyi.PYIpa;
				PRODUCT_NAME = "$(TARGET_NAME)";
			};
			name = Release;
		};
		1554CF671DFCEE8300154ABD /* Debug */ = {
			isa = XCBuildConfiguration;
			buildSettings = {
				DEVELOPMENT_TEAM = S4NUSJ3KDJ;
				IPHONEOS_DEPLOYMENT_TARGET = 10.0;
				OTHER_LDFLAGS = "-ObjC";
				PRODUCT_NAME = "$(TARGET_NAME)";
				SKIP_INSTALL = YES;
			};
			name = Debug;
		};
		1554CF681DFCEE8300154ABD /* Release */ = {
			isa = XCBuildConfiguration;
			buildSettings = {
				DEVELOPMENT_TEAM = S4NUSJ3KDJ;
				IPHONEOS_DEPLOYMENT_TARGET = 10.0;
				OTHER_LDFLAGS = "-ObjC";
				PRODUCT_NAME = "$(TARGET_NAME)";
				SKIP_INSTALL = YES;
			};
			name = Release;
		};
/* End XCBuildConfiguration section */

/* Begin XCConfigurationList section */
		1554CEF61DFCECC500154ABD /* Build configuration list for PBXProject "PYIpa" */ = {
			isa = XCConfigurationList;
			buildConfigurations = (
				1554CF101DFCECC500154ABD /* Debug */,
				1554CF111DFCECC500154ABD /* Release */,
			);
			defaultConfigurationIsVisible = 0;
			defaultConfigurationName = Release;
		};
		1554CF121DFCECC500154ABD /* Build configuration list for PBXNativeTarget "PYIpa" */ = {
			isa = XCConfigurationList;
			buildConfigurations = (
				1554CF131DFCECC500154ABD /* Debug */,
				1554CF141DFCECC500154ABD /* Release */,
			);
			defaultConfigurationIsVisible = 0;
			defaultConfigurationName = Release;
		};
		1554CF661DFCEE8300154ABD /* Build configuration list for PBXNativeTarget "pyipaa" */ = {
			isa = XCConfigurationList;
			buildConfigurations = (
				1554CF671DFCEE8300154ABD /* Debug */,
				1554CF681DFCEE8300154ABD /* Release */,
			);
			defaultConfigurationIsVisible = 0;
			defaultConfigurationName = Release;
		};
/* End XCConfigurationList section */
	};
	rootObject = 1554CEF31DFCECC500154ABD /* Project object */;
}
